github.com/Roshick/go-autumn-slog v0.4.0 h1:ngGzLh+zVXgzMs1eoh/EHHI689sD2xpFaf17ED198VA=
github.com/Roshick/go-autumn-slog v0.4.0/go.mod h1:Rbvl8UntuTf5GJ5MqbdR+uN4P18t+AcqSu8rIjqh1YE=
github.com/StephanHCB/go-autumn-logging v0.4.0 h1:/EC41JJBi1Ao8eFmx4jReokJsbKsRoMoGTaCJZ/Nins=
github.com/StephanHCB/go-autumn-logging v0.4.0/go.mod h1:dPABYdECU3XrFib03uXbQFVLftUP5c4YaKSineiw37U=
github.com/ajg/form v1.5.1 h1:t9c7v8JUKu/XxOGBU0yjNpaMloxGEJhUkqFRq0ibGeU=
github.com/ajg/form v1.5.1/go.mod h1:uL1WgH+h2mgNtvBq0339dVnzXdBETtL2LeUXaIv25UY=
github.com/caarlos0/env/v11 v11.4.0 h1:Kcb6t5kIIr4XkoQC9AF2j+8E1Jsrl3Wz/hhm1LtoGAc=
github.com/caarlos0/env/v11 v11.4.0/go.mod h1:qupehSf/Y0TUTsxKywqRt/vJjN5nz6vauiYEUUr8P4U=
github.com/cespare/xxhash/v2 v2.3.0 h1:UL815xU9SqsFlibzuggzjXhog7bL6oX9BbNZnL2UFvs=
github.com/cespare/xxhash/v2 v2.3.0/go.mod h1:VGX0DQ3Q6kWi7AoAeZDth3/j3BFtOZR5XLFGgcrjCOs=
github.com/davecgh/go-spew v1.1.0/go.mod h1:J7Y8YcW2NihsgmVo/mv3lAwl/skON4iLHjSsI+c5H38=
github.com/davecgh/go-spew v1.1.1 h1:vj9j/u1bqnvCEfJOwUhtlOARqs3+rkHYY13jYWTU97c=
github.com/davecgh/go-spew v1.1.1/go.mod h1:J7Y8YcW2NihsgmVo/mv3lAwl/skON4iLHjSsI+c5H38=
github.com/decred/dcrd/dcrec/secp256k1/v4 v4.4.0 h1:NMZiJj8QnKe1LgsbDayM4UoHwbvwDRwnI3hwNaAHRnc=
github.com/decred/dcrd/dcrec/secp256k1/v4 v4.4.0/go.mod h1:ZXNYxsqcloTdSy/rNShjYzMhyjf0LaoftYK0p+A3h40=
github.com/decred/dcrd/dcrec/secp256k1/v4 v4.4.1 h1:5RVFMOWjMyRy8cARdy79nAmgYw3hK/4HUq48LQ6Wwqo=
github.com/decred/dcrd/dcrec/secp256k1/v4 v4.4.1/go.mod h1:ZXNYxsqcloTdSy/rNShjYzMhyjf0LaoftYK0p+A3h40=
github.com/go-chi/chi/v5 v5.2.5 h1:Eg4myHZBjyvJmAFjFvWgrqDTXFyOzjj7YIm3L3mu6Ug=
github.com/go-chi/chi/v5 v5.2.5/go.mod h1:X7Gx4mteadT3eDOMTsXzmI4/rwUpOwBHLpAfupzFJP0=
github.com/go-chi/render v1.0.3 h1:AsXqd2a1/INaIfUSKq3G5uA8weYx20FOsM7uSoCyyt4=
github.com/go-chi/render v1.0.3/go.mod h1:/gr3hVkmYR0YlEy3LxCuVRFzEu9Ruok+gFqbIofjao0=
github.com/go-logr/logr v1.2.2/go.mod h1:jdQByPbusPIv2/zmleS9BjJVeZ6kBagPoEUsqbVz/1A=
github.com/go-logr/logr v1.4.3 h1:CjnDlHq8ikf6E492q6eKboGOC0T8CDaOvkHCIg8idEI=
github.com/go-logr/logr v1.4.3/go.mod h1:9T104GzyrTigFIr8wt5mBrctHMim0Nb2HLGrmQ40KvY=
github.com/go-logr/stdr v1.2.2 h1:hSWxHoqTgW2S2qGc0LTAI563KZ5YKYRhT3MFKZMbjag=
github.com/go-logr/stdr v1.2.2/go.mod h1:mMo/vtBO5dYbehREoey6XUKy/eSumjCCveDpRre4VKE=
github.com/goccy/go-json v0.10.3 h1:KZ5WoDbxAIgm2HNbYckL0se1fHD6rz5j4ywS6ebzDqA=
github.com/goccy/go-json v0.10.3/go.mod h1:oq7eo15ShAhp70Anwd5lgX2pLfOS3QCiwU/PULtXL6M=
github.com/goccy/go-json v0.10.6 h1:p8HrPJzOakx/mn/bQtjgNjdTcN+/S6FcG2CTtQOrHVU=
github.com/goccy/go-json v0.10.6/go.mod h1:oq7eo15ShAhp70Anwd5lgX2pLfOS3QCiwU/PULtXL6M=
github.com/google/go-cmp v0.7.0 h1:wk8382ETsv4JYUZwIsn6YpYiWiBsYLSJiTsyBybVuN8=
github.com/google/go-cmp v0.7.0/go.mod h1:pXiqmnSA92OHEEa9HXL2W4E7lf9JzCmGVUdgjX3N/iU=
github.com/kr/pretty v0.3.1 h1:flRD4NNwYAUpkphVc1HcthR4KEIFJ65n8Mw5qdRn3LE=
github.com/kr/pretty v0.3.1/go.mod h1:hoEshYVHaxMs3cyo3Yncou5ZscifuDolrwPKZanG3xk=
github.com/kr/text v0.2.0 h1:5Nx0Ya0ZqY2ygV366QzturHI13Jq95ApcVaJBhpS+AY=
github.com/kr/text v0.2.0/go.mod h1:eLer722TekiGuMkidMxC/pM04lWEeraHUUmBw8l2grE=
github.com/lestrrat-go/blackmagic v1.0.4 h1:IwQibdnf8l2KoO+qC3uT4OaTWsW7tuRQXy9TRN9QanA=
github.com/lestrrat-go/blackmagic v1.0.4/go.mod h1:6AWFyKNNj0zEXQYfTMPfZrAXUWUfTIZ5ECEUEJaijtw=
github.com/lestrrat-go/dsig v1.0.0 h1:OE09s2r9Z81kxzJYRn07TFM9XA4akrUdoMwr0L8xj38=
github.com/lestrrat-go/dsig v1.0.0/go.mod h1:dEgoOYYEJvW6XGbLasr8TFcAxoWrKlbQvmJgCR0qkDo=
github.com/lestrrat-go/dsig v1.3.0 h1:phjMOCXvYzhuIgn7Voe2rex8z166vGfxRxmqM25P9/Q=
github.com/lestrrat-go/dsig v1.3.0/go.mod h1:RD2eOaidyPvpc7IJQoO3Qq52RWdy8ZcJs8lrOnoa1Kc=
github.com/lestrrat-go/dsig-secp256k1 v1.0.0 h1:JpDe4Aybfl0soBvoVwjqDbp+9S1Y2OM7gcrVVMFPOzY=
github.com/lestrrat-go/dsig-secp256k1 v1.0.0/go.mod h1:CxUgAhssb8FToqbL8NjSPoGQlnO4w3LG1P0qPWQm/NU=
github.com/lestrrat-go/httpcc v1.0.1 h1:ydWCStUeJLkpYyjLDHihupbn2tYmZ7m22BGkcvZZrIE=
github.com/lestrrat-go/httpcc v1.0.1/go.mod h1:qiltp3Mt56+55GPVCbTdM9MlqhvzyuL6W/NMDA8vA5E=
github.com/lestrrat-go/httprc/v3 v3.0.2 h1:7u4HUaD0NQbf2/n5+fyp+T10hNCsAnwKfqn4A4Baif0=
github.com/lestrrat-go/httprc/v3 v3.0.2/go.mod h1:mSMtkZW92Z98M5YoNNztbRGxbXHql7tSitCvaxvo9l0=
github.com/lestrrat-go/httprc/v3 v3.0.5 h1:S+Mb4L2I+bM6JGTibLmxExhyTOqnXjqx+zi9MoXw/TM=
github.com/lestrrat-go/httprc/v3 v3.0.5/go.mod h1:mSMtkZW92Z98M5YoNNztbRGxbXHql7tSitCvaxvo9l0=
github.com/lestrrat-go/jwx/v3 v3.0.13 h1:AdHKiPIYeCSnOJtvdpipPg/0SuFh9rdkN+HF3O0VdSk=
github.com/lestrrat-go/jwx/v3 v3.0.13/go.mod h1:2m0PV1A9tM4b/jVLMx8rh6rBl7F6WGb3EG2hufN9OQU=
github.com/lestrrat-go/jwx/v3 v3.1.0 h1:AyyLtxc0QM75F75JroWgt1phwC7X+wOb3XKhH7XBZWw=
github.com/lestrrat-go/jwx/v3 v3.1.0/go.mod h1:uw/MN2M/Xiu4FhwcIwH11Zsh9JWx9SWzgALl7/uIEkU=
github.com/lestrrat-go/jwx/v4 v4.0.0/go.mod h1:F2a0rSyXsqLAL0orBZGOXrzQGv018Tx4eiEWWYR7Yzo=
github.com/lestrrat-go/option/v2 v2.0.0 h1:XxrcaJESE1fokHy3FpaQ/cXW8ZsIdWcdFzzLOcID3Ss=
github.com/lestrrat-go/option/v2 v2.0.0/go.mod h1:oSySsmzMoR0iRzCDCaUfsCzxQHUEuhOViQObyy7S6Vg=
github.com/pmezard/go-difflib v1.0.0 h1:4DBwDE0NGyQoBHbLQYPwSUPoCMWR5BEzIk/f1lZbAQM=
github.com/pmezard/go-difflib v1.0.0/go.mod h1:iKH77koFhYxTK1pcRnkKkqfTogsbg7gZNVY4sRDYZ/4=
github.com/rogpeppe/go-internal v1.14.1 h1:UQB4HGPB6osV0SQTLymcB4TgvyWu6ZyliaW0tI/otEQ=
github.com/rogpeppe/go-internal v1.14.1/go.mod h1:MaRKkUm5W0goXpeCfT7UZI6fk/L7L7so1lCWt35ZSgc=
github.com/segmentio/asm v1.2.1 h1:DTNbBqs57ioxAD4PrArqftgypG4/qNpXoJx8TVXxPR0=
github.com/segmentio/asm v1.2.1/go.mod h1:BqMnlJP91P8d+4ibuonYZw9mfnzI9HfxselHZr5aAcs=
github.com/sony/gobreaker/v2 v2.4.0 h1:g2KJRW1Ubty3+ZOcSEUN7K+REQJdN6yo6XvaML+jptg=
github.com/sony/gobreaker/v2 v2.4.0/go.mod h1:pTyFJgcZ3h2tdQVLZZruK2C0eoFL1fb/G83wK1ZQl+s=
github.com/stretchr/objx v0.1.0/go.mod h1:HFkY916IF+rwdDfMAkV7OtwuqBVzrE8GR6GFx+wExME=
github.com/stretchr/testify v1.7.1/go.mod h1:6Fq8oRcR53rry900zMqJjRRixrwX3KX962/h/Wwjteg=
github.com/stretchr/testify v1.11.1 h1:7s2iGBzp5EwR7/aIZr8ao5+dra3wiQyKjjFuvgVKu7U=
github.com/stretchr/testify v1.11.1/go.mod h1:wZwfW3scLgRK+23gO65QZefKpKQRnfz6sD981Nm4B6U=
github.com/valyala/fastjson v1.6.7 h1:ZE4tRy0CIkh+qDc5McjatheGX2czdn8slQjomexVpBM=
github.com/valyala/fastjson v1.6.7/go.mod h1:CLCAqky6SMuOcxStkYQvblddUtoRxhYMGLrsQns1aXY=
github.com/valyala/fastjson v1.6.10 h1:/yjJg8jaVQdYR3arGxPE2X5z89xrlhS0eGXdv+ADTh4=
github.com/valyala/fastjson v1.6.10/go.mod h1:e6FubmQouUNP73jtMLmcbxS6ydWIpOfhz34TSfO3JaE=
go.opentelemetry.io/auto/sdk v1.2.1 h1:jXsnJ4Lmnqd11kwkBV2LgLoFMZKizbCi5fNZ/ipaZ64=
go.opentelemetry.io/auto/sdk v1.2.1/go.mod h1:KRTj+aOaElaLi+wW1kO/DZRXwkF4C5xPbEe3ZiIhN7Y=
go.opentelemetry.io/otel v1.42.0 h1:lSQGzTgVR3+sgJDAU/7/ZMjN9Z+vUip7leaqBKy4sho=
go.opentelemetry.io/otel v1.42.0/go.mod h1:lJNsdRMxCUIWuMlVJWzecSMuNjE7dOYyWlqOXWkdqCc=
go.opentelemetry.io/otel v1.43.0 h1:mYIM03dnh5zfN7HautFE4ieIig9amkNANT+xcVxAj9I=
go.opentelemetry.io/otel v1.43.0/go.mod h1:JuG+u74mvjvcm8vj8pI5XiHy1zDeoCS2LB1spIq7Ay0=
go.opentelemetry.io/otel/metric v1.42.0 h1:2jXG+3oZLNXEPfNmnpxKDeZsFI5o4J+nz6xUlaFdF/4=
go.opentelemetry.io/otel/metric v1.42.0/go.mod h1:RlUN/7vTU7Ao/diDkEpQpnz3/92J9ko05BIwxYa2SSI=
go.opentelemetry.io/otel/metric v1.43.0 h1:d7638QeInOnuwOONPp4JAOGfbCEpYb+K6DVWvdxGzgM=
go.opentelemetry.io/otel/metric v1.43.0/go.mod h1:RDnPtIxvqlgO8GRW18W6Z/4P462ldprJtfxHxyKd2PY=
go.opentelemetry.io/otel/trace v1.42.0 h1:OUCgIPt+mzOnaUTpOQcBiM/PLQ/Op7oq6g4LenLmOYY=
go.opentelemetry.io/otel/trace v1.42.0/go.mod h1:f3K9S+IFqnumBkKhRJMeaZeNk9epyhnCmQh/EysQCdc=
go.opentelemetry.io/otel/trace v1.43.0 h1:BkNrHpup+4k4w+ZZ86CZoHHEkohws8AY+WTX09nk+3A=
go.opentelemetry.io/otel/trace v1.43.0/go.mod h1:/QJhyVBUUswCphDVxq+8mld+AvhXZLhe+8WVFxiFff0=
golang.org/x/crypto v0.46.0 h1:cKRW/pmt1pKAfetfu+RCEvjvZkA9RimPbh7bhFjGVBU=
golang.org/x/crypto v0.46.0/go.mod h1:Evb/oLKmMraqjZ2iQTwDwvCtJkczlDuTmdJXoZVzqU0=
golang.org/x/crypto v0.50.0 h1:zO47/JPrL6vsNkINmLoo/PH1gcxpls50DNogFvB5ZGI=
golang.org/x/crypto v0.50.0/go.mod h1:3muZ7vA7PBCE6xgPX7nkzzjiUq87kRItoJQM1Yo8S+Q=
golang.org/x/sys v0.39.0 h1:CvCKL8MeisomCi6qNZ+wbb0DN9E5AATixKsvNtMoMFk=
golang.org/x/sys v0.39.0/go.mod h1:OgkHotnGiDImocRcuBABYBEXf8A9a87e/uXjp9XT3ks=
golang.org/x/sys v0.43.0 h1:Rlag2XtaFTxp19wS8MXlJwTvoh8ArU6ezoyFsMyCTNI=
golang.org/x/sys v0.43.0/go.mod h1:4GL1E5IUh+htKOUEOaiffhrAeqysfVGipDYzABqnCmw=
gopkg.in/check.v1 v0.0.0-20161208181325-20d25e280405/go.mod h1:Co6ibVJAznAaIkqp8huTwlJQCZ016jof/cbN4VW5Yz0=
gopkg.in/check.v1 v1.0.0-20201130134442-10cb98267c6c h1:Hei/4ADfdWqJk1ZMxUNpqntNwaWcugrBjAiHlqqRiVk=
gopkg.in/check.v1 v1.0.0-20201130134442-10cb98267c6c/go.mod h1:JHkPIbrfpd72SG/EVd6muEfDQjcINNoR0C8j2r3qZ4Q=
gopkg.in/yaml.v3 v3.0.0-20200313102051-9f266ea9e77c/go.mod h1:K4uyk7z7BCEPqu6E+C64Yfv1cQ7kz7rIZviUmN+EgEM=
gopkg.in/yaml.v3 v3.0.1 h1:fxVm/GzAzEWqLHuvctI91KS9hhNmmWOoWu0XTYJS7CA=
gopkg.in/yaml.v3 v3.0.1/go.mod h1:K4uyk7z7BCEPqu6E+C64Yfv1cQ7kz7rIZviUmN+EgEM=
