github.com/Roshick/go-autumn-slog v0.3.1 h1:WbcxXCyBbMK07W/eKSp6eDBRtA9eWQNeLopcFIoBkl0=
github.com/Roshick/go-autumn-slog v0.3.1/go.mod h1:3ssQHi5HlgYhfc5k4Z9CAabnfkR8oQ2PUw4yvENTnZo=
github.com/StephanHCB/go-autumn-config-api v0.2.2 h1:A+DO0JT0dc/4e/UN6XwYCE7VNCXHL5Xlg8UrAqTbNXE=
github.com/StephanHCB/go-autumn-config-api v0.2.2/go.mod h1:6nJBwuT1uURHApOSFr6Rw+naK2YkO+sAduwEWZ0qsSU=
github.com/StephanHCB/go-autumn-logging v0.4.0 h1:/EC41JJBi1Ao8eFmx4jReokJsbKsRoMoGTaCJZ/Nins=
github.com/StephanHCB/go-autumn-logging v0.4.0/go.mod h1:dPABYdECU3XrFib03uXbQFVLftUP5c4YaKSineiw37U=
github.com/ajg/form v1.5.1 h1:t9c7v8JUKu/XxOGBU0yjNpaMloxGEJhUkqFRq0ibGeU=
github.com/ajg/form v1.5.1/go.mod h1:uL1WgH+h2mgNtvBq0339dVnzXdBETtL2LeUXaIv25UY=
github.com/alicebob/gopher-json v0.0.0-20200520072559-a9ecdc9d1d3a h1:HbKu58rmZpUGpz5+4FfNmIU+FmZg2P3Xaj2v2bfNWmk=
github.com/alicebob/gopher-json v0.0.0-20200520072559-a9ecdc9d1d3a/go.mod h1:SGnFV6hVsYE877CKEZ6tDNTjaSXYUk6QqoIK6PrAtcc=
github.com/alicebob/miniredis/v2 v2.33.0 h1:uvTF0EDeu9RLnUEG27Db5I68ESoIxTiXbNUiji6lZrA=
github.com/alicebob/miniredis/v2 v2.33.0/go.mod h1:MhP4a3EU7aENRi9aO+tHfTBZicLqQevyi/DJpoj6mi0=
github.com/bsm/ginkgo/v2 v2.12.0 h1:Ny8MWAHyOepLGlLKYmXG4IEkioBysk6GpaRTLC8zwWs=
github.com/bsm/ginkgo/v2 v2.12.0/go.mod h1:SwYbGRRDovPVboqFv0tPTcG1sN61LM1Z4ARdbAV9g4c=
github.com/bsm/gomega v1.27.10 h1:yeMWxP2pV2fG3FgAODIY8EiRE3dy0aeFYt4l7wh6yKA=
github.com/bsm/gomega v1.27.10/go.mod h1:JyEr/xRbxbtgWNi8tIEVPUYZ5Dzef52k01W3YH0H+O0=
github.com/cespare/xxhash/v2 v2.3.0 h1:UL815xU9SqsFlibzuggzjXhog7bL6oX9BbNZnL2UFvs=
github.com/cespare/xxhash/v2 v2.3.0/go.mod h1:VGX0DQ3Q6kWi7AoAeZDth3/j3BFtOZR5XLFGgcrjCOs=
github.com/davecgh/go-spew v1.1.0/go.mod h1:J7Y8YcW2NihsgmVo/mv3lAwl/skON4iLHjSsI+c5H38=
github.com/davecgh/go-spew v1.1.1 h1:vj9j/u1bqnvCEfJOwUhtlOARqs3+rkHYY13jYWTU97c=
github.com/davecgh/go-spew v1.1.1/go.mod h1:J7Y8YcW2NihsgmVo/mv3lAwl/skON4iLHjSsI+c5H38=
github.com/decred/dcrd/dcrec/secp256k1/v4 v4.4.0 h1:NMZiJj8QnKe1LgsbDayM4UoHwbvwDRwnI3hwNaAHRnc=
github.com/decred/dcrd/dcrec/secp256k1/v4 v4.4.0/go.mod h1:ZXNYxsqcloTdSy/rNShjYzMhyjf0LaoftYK0p+A3h40=
github.com/dgryski/go-rendezvous v0.0.0-20200823014737-9f7001d12a5f h1:lO4WD4F/rVNCu3HqELle0jiPLLBs70cWOduZpkS1E78=
github.com/dgryski/go-rendezvous v0.0.0-20200823014737-9f7001d12a5f/go.mod h1:cuUVRXasLTGF7a8hSLbxyZXjz+1KgoB3wDUb6vlszIc=
github.com/go-chi/chi/v5 v5.2.2 h1:CMwsvRVTbXVytCk1Wd72Zy1LAsAh9GxMmSNWLHCG618=
github.com/go-chi/chi/v5 v5.2.2/go.mod h1:L2yAIGWB3H+phAw1NxKwWM+7eUH/lU8pOMm5hHcoops=
github.com/go-chi/chi/v5 v5.2.3 h1:WQIt9uxdsAbgIYgid+BpYc+liqQZGMHRaUwp0JUcvdE=
github.com/go-chi/chi/v5 v5.2.3/go.mod h1:L2yAIGWB3H+phAw1NxKwWM+7eUH/lU8pOMm5hHcoops=
github.com/go-chi/render v1.0.3 h1:AsXqd2a1/INaIfUSKq3G5uA8weYx20FOsM7uSoCyyt4=
github.com/go-chi/render v1.0.3/go.mod h1:/gr3hVkmYR0YlEy3LxCuVRFzEu9Ruok+gFqbIofjao0=
github.com/go-logr/logr v1.2.2/go.mod h1:jdQByPbusPIv2/zmleS9BjJVeZ6kBagPoEUsqbVz/1A=
github.com/go-logr/logr v1.4.3 h1:CjnDlHq8ikf6E492q6eKboGOC0T8CDaOvkHCIg8idEI=
github.com/go-logr/logr v1.4.3/go.mod h1:9T104GzyrTigFIr8wt5mBrctHMim0Nb2HLGrmQ40KvY=
github.com/go-logr/stdr v1.2.2 h1:hSWxHoqTgW2S2qGc0LTAI563KZ5YKYRhT3MFKZMbjag=
github.com/go-logr/stdr v1.2.2/go.mod h1:mMo/vtBO5dYbehREoey6XUKy/eSumjCCveDpRre4VKE=
github.com/go-redis/redis v6.15.9+incompatible h1:K0pv1D7EQUjfyoMql+r/jZqCLizCGKFlFgcHWWmHQjg=
github.com/go-redis/redis v6.15.9+incompatible/go.mod h1:NAIEuMOZ/fxfXJIrKDQDz8wamY7mA7PouImQ2Jvg6kA=
github.com/go-redis/redis/v7 v7.4.1 h1:PASvf36gyUpr2zdOUS/9Zqc80GbM+9BDyiJSJDDOrTI=
github.com/go-redis/redis/v7 v7.4.1/go.mod h1:JDNMw23GTyLNC4GZu9njt15ctBQVn7xjRfnwdHj/Dcg=
github.com/go-redis/redis/v8 v8.11.5 h1:AcZZR7igkdvfVmQTPnu9WE37LRrO/YrBH5zWyjDC0oI=
github.com/go-redis/redis/v8 v8.11.5/go.mod h1:gREzHqY1hg6oD9ngVRbLStwAWKhA0FEgq8Jd4h5lpwo=
github.com/go-redsync/redsync/v4 v4.13.0 h1:49X6GJfnbLGaIpBBREM/zA4uIMDXKAh1NDkvQ1EkZKA=
github.com/go-redsync/redsync/v4 v4.13.0/go.mod h1:HMW4Q224GZQz6x1Xc7040Yfgacukdzu7ifTDAKiyErQ=
github.com/goccy/go-json v0.10.5 h1:Fq85nIqj+gXn/S5ahsiTlK3TmC85qgirsdTP/+DeaC4=
github.com/goccy/go-json v0.10.5/go.mod h1:oq7eo15ShAhp70Anwd5lgX2pLfOS3QCiwU/PULtXL6M=
github.com/gomodule/redigo v1.8.9 h1:Sl3u+2BI/kk+VEatbj0scLdrFhjPmbxOc1myhDP41ws=
github.com/gomodule/redigo v1.8.9/go.mod h1:7ArFNvsTjH8GMMzB4uy1snslv2BwmginuMs06a1uzZE=
github.com/google/go-cmp v0.7.0 h1:wk8382ETsv4JYUZwIsn6YpYiWiBsYLSJiTsyBybVuN8=
github.com/google/go-cmp v0.7.0/go.mod h1:pXiqmnSA92OHEEa9HXL2W4E7lf9JzCmGVUdgjX3N/iU=
github.com/hashicorp/errwrap v1.0.0/go.mod h1:YH+1FKiLXxHSkmPseP+kNlulaMuP3n2brvKWEqk/Jc4=
github.com/hashicorp/errwrap v1.1.0 h1:OxrOeh75EUXMY8TBjag2fzXGZ40LB6IKw45YeGUDY2I=
github.com/hashicorp/errwrap v1.1.0/go.mod h1:YH+1FKiLXxHSkmPseP+kNlulaMuP3n2brvKWEqk/Jc4=
github.com/hashicorp/go-multierror v1.1.1 h1:H5DkEtf6CXdFp0N0Em5UCwQpXMWke8IA0+lD48awMYo=
github.com/hashicorp/go-multierror v1.1.1/go.mod h1:iw975J/qwKPdAO1clOe2L8331t/9/fmwbPZ6JB6eMoM=
github.com/kr/pretty v0.3.1 h1:flRD4NNwYAUpkphVc1HcthR4KEIFJ65n8Mw5qdRn3LE=
github.com/kr/pretty v0.3.1/go.mod h1:hoEshYVHaxMs3cyo3Yncou5ZscifuDolrwPKZanG3xk=
github.com/kr/text v0.2.0 h1:5Nx0Ya0ZqY2ygV366QzturHI13Jq95ApcVaJBhpS+AY=
github.com/kr/text v0.2.0/go.mod h1:eLer722TekiGuMkidMxC/pM04lWEeraHUUmBw8l2grE=
github.com/lestrrat-go/blackmagic v1.0.4 h1:IwQibdnf8l2KoO+qC3uT4OaTWsW7tuRQXy9TRN9QanA=
github.com/lestrrat-go/blackmagic v1.0.4/go.mod h1:6AWFyKNNj0zEXQYfTMPfZrAXUWUfTIZ5ECEUEJaijtw=
github.com/lestrrat-go/dsig v1.0.0 h1:OE09s2r9Z81kxzJYRn07TFM9XA4akrUdoMwr0L8xj38=
github.com/lestrrat-go/dsig v1.0.0/go.mod h1:dEgoOYYEJvW6XGbLasr8TFcAxoWrKlbQvmJgCR0qkDo=
github.com/lestrrat-go/dsig-secp256k1 v1.0.0 h1:JpDe4Aybfl0soBvoVwjqDbp+9S1Y2OM7gcrVVMFPOzY=
github.com/lestrrat-go/dsig-secp256k1 v1.0.0/go.mod h1:CxUgAhssb8FToqbL8NjSPoGQlnO4w3LG1P0qPWQm/NU=
github.com/lestrrat-go/httpcc v1.0.1 h1:ydWCStUeJLkpYyjLDHihupbn2tYmZ7m22BGkcvZZrIE=
github.com/lestrrat-go/httpcc v1.0.1/go.mod h1:qiltp3Mt56+55GPVCbTdM9MlqhvzyuL6W/NMDA8vA5E=
github.com/lestrrat-go/httprc/v3 v3.0.0 h1:nZUx/zFg5uc2rhlu1L1DidGr5Sj02JbXvGSpnY4LMrc=
github.com/lestrrat-go/httprc/v3 v3.0.0/go.mod h1:k2U1QIiyVqAKtkffbg+cUmsyiPGQsb9aAfNQiNFuQ9Q=
github.com/lestrrat-go/httprc/v3 v3.0.1 h1:3n7Es68YYGZb2Jf+k//llA4FTZMl3yCwIjFIk4ubevI=
github.com/lestrrat-go/httprc/v3 v3.0.1/go.mod h1:2uAvmbXE4Xq8kAUjVrZOq1tZVYYYs5iP62Cmtru00xk=
github.com/lestrrat-go/jwx/v3 v3.0.8 h1:lOCHy+k4/mgRI8FkgkHO+NsUx1GXHHktGx0CIkFToyI=
github.com/lestrrat-go/jwx/v3 v3.0.8/go.mod h1:0P9rjqNMDOspNSetpKX86Go54jLSEwCh8ax4jQRGYL0=
github.com/lestrrat-go/jwx/v3 v3.0.10 h1:XuoCBhZBncRIjMQ32HdEc76rH0xK/Qv2wq5TBouYJDw=
github.com/lestrrat-go/jwx/v3 v3.0.10/go.mod h1:kNMedLgTpHvPJkK5EMVa1JFz+UVyY2dMmZKu3qjl/Pk=
github.com/lestrrat-go/jwx/v3 v3.0.11 h1:yEeUGNUuNjcez/Voxvr7XPTYNraSQTENJgtVTfwvG/w=
github.com/lestrrat-go/jwx/v3 v3.0.11/go.mod h1:XSOAh2SiXm0QgRe3DulLZLyt+wUuEdFo81zuKTLcvgQ=
github.com/lestrrat-go/option v1.0.1 h1:oAzP2fvZGQKWkvHa1/SAcFolBEca1oN+mQ7eooNBEYU=
github.com/lestrrat-go/option v1.0.1/go.mod h1:5ZHFbivi4xwXxhxY9XHDe2FHo6/Z7WWmtT7T5nBBp3I=
github.com/lestrrat-go/option/v2 v2.0.0 h1:XxrcaJESE1fokHy3FpaQ/cXW8ZsIdWcdFzzLOcID3Ss=
github.com/lestrrat-go/option/v2 v2.0.0/go.mod h1:oSySsmzMoR0iRzCDCaUfsCzxQHUEuhOViQObyy7S6Vg=
github.com/pmezard/go-difflib v1.0.0 h1:4DBwDE0NGyQoBHbLQYPwSUPoCMWR5BEzIk/f1lZbAQM=
github.com/pmezard/go-difflib v1.0.0/go.mod h1:iKH77koFhYxTK1pcRnkKkqfTogsbg7gZNVY4sRDYZ/4=
github.com/redis/go-redis/v9 v9.11.0 h1:E3S08Gl/nJNn5vkxd2i78wZxWAPNZgUNTp8WIJUAiIs=
github.com/redis/go-redis/v9 v9.11.0/go.mod h1:huWgSWd8mW6+m0VPhJjSSQ+d6Nh1VICQ6Q5lHuCH/Iw=
github.com/redis/rueidis v1.0.19 h1:s65oWtotzlIFN8eMPhyYwxlwLR1lUdhza2KtWprKYSo=
github.com/redis/rueidis v1.0.19/go.mod h1:8B+r5wdnjwK3lTFml5VtxjzGOQAC+5UmujoD12pDrEo=
github.com/rogpeppe/go-internal v1.13.1 h1:KvO1DLK/DRN07sQ1LQKScxyZJuNnedQ5/wKSR38lUII=
github.com/rogpeppe/go-internal v1.13.1/go.mod h1:uMEvuHeurkdAXX61udpOXGD/AzZDWNMNyH2VO9fmH0o=
github.com/segmentio/asm v1.2.0 h1:9BQrFxC+YOHJlTlHGkTrFWf59nbL3XnCoFLTwDCI7ys=
github.com/segmentio/asm v1.2.0/go.mod h1:BqMnlJP91P8d+4ibuonYZw9mfnzI9HfxselHZr5aAcs=
github.com/sony/gobreaker/v2 v2.1.0 h1:av2BnjtRmVPWBvy5gSFPytm1J8BmN5AGhq875FfGKDM=
github.com/sony/gobreaker/v2 v2.1.0/go.mod h1:dO3Q/nCzxZj6ICjH6J/gM0r4oAwBMVLY8YAQf+NTtUg=
github.com/sony/gobreaker/v2 v2.3.0 h1:7VYxZ69QXRQ2Q4eEawHn6eU4FiuwovzJwsUMA03Lu4I=
github.com/sony/gobreaker/v2 v2.3.0/go.mod h1:pTyFJgcZ3h2tdQVLZZruK2C0eoFL1fb/G83wK1ZQl+s=
github.com/stretchr/objx v0.1.0/go.mod h1:HFkY916IF+rwdDfMAkV7OtwuqBVzrE8GR6GFx+wExME=
github.com/stretchr/testify v1.6.1/go.mod h1:6Fq8oRcR53rry900zMqJjRRixrwX3KX962/h/Wwjteg=
github.com/stretchr/testify v1.7.1/go.mod h1:6Fq8oRcR53rry900zMqJjRRixrwX3KX962/h/Wwjteg=
github.com/stretchr/testify v1.10.0 h1:Xv5erBjTwe/5IxqUQTdXv5kgmIvbHo3QQyRwhJsOfJA=
github.com/stretchr/testify v1.10.0/go.mod h1:r2ic/lqez/lEtzL7wO/rwa5dbSLXVDPFyf8C91i36aY=
github.com/stretchr/testify v1.11.1 h1:7s2iGBzp5EwR7/aIZr8ao5+dra3wiQyKjjFuvgVKu7U=
github.com/stretchr/testify v1.11.1/go.mod h1:wZwfW3scLgRK+23gO65QZefKpKQRnfz6sD981Nm4B6U=
github.com/stvp/tempredis v0.0.0-20181119212430-b82af8480203 h1:QVqDTf3h2WHt08YuiTGPZLls0Wq99X9bWd0Q5ZSBesM=
github.com/stvp/tempredis v0.0.0-20181119212430-b82af8480203/go.mod h1:oqN97ltKNihBbwlX8dLpwxCl3+HnXKV/R0e+sRLd9C8=
github.com/valyala/fastjson v1.6.4 h1:uAUNq9Z6ymTgGhcm0UynUAB6tlbakBrz6CQFax3BXVQ=
github.com/valyala/fastjson v1.6.4/go.mod h1:CLCAqky6SMuOcxStkYQvblddUtoRxhYMGLrsQns1aXY=
github.com/yuin/gopher-lua v1.1.1 h1:kYKnWBjvbNP4XLT3+bPEwAXJx262OhaHDWDVOPjL46M=
github.com/yuin/gopher-lua v1.1.1/go.mod h1:GBR0iDaNXjAgGg9zfCvksxSRnQx76gclCIb7kdAd1Pw=
go.opentelemetry.io/auto/sdk v1.1.0 h1:cH53jehLUN6UFLY71z+NDOiNJqDdPRaXzTel0sJySYA=
go.opentelemetry.io/auto/sdk v1.1.0/go.mod h1:3wSPjt5PWp2RhlCcmmOial7AvC4DQqZb7a7wCow3W8A=
go.opentelemetry.io/otel v1.37.0 h1:9zhNfelUvx0KBfu/gb+ZgeAfAgtWrfHJZcAqFC228wQ=
go.opentelemetry.io/otel v1.37.0/go.mod h1:ehE/umFRLnuLa/vSccNq9oS1ErUlkkK71gMcN34UG8I=
go.opentelemetry.io/otel v1.38.0 h1:RkfdswUDRimDg0m2Az18RKOsnI8UDzppJAtj01/Ymk8=
go.opentelemetry.io/otel v1.38.0/go.mod h1:zcmtmQ1+YmQM9wrNsTGV/q/uyusom3P8RxwExxkZhjM=
go.opentelemetry.io/otel/metric v1.37.0 h1:mvwbQS5m0tbmqML4NqK+e3aDiO02vsf/WgbsdpcPoZE=
go.opentelemetry.io/otel/metric v1.37.0/go.mod h1:04wGrZurHYKOc+RKeye86GwKiTb9FKm1WHtO+4EVr2E=
go.opentelemetry.io/otel/metric v1.38.0 h1:Kl6lzIYGAh5M159u9NgiRkmoMKjvbsKtYRwgfrA6WpA=
go.opentelemetry.io/otel/metric v1.38.0/go.mod h1:kB5n/QoRM8YwmUahxvI3bO34eVtQf2i4utNVLr9gEmI=
go.opentelemetry.io/otel/trace v1.37.0 h1:HLdcFNbRQBE2imdSEgm/kwqmQj1Or1l/7bW6mxVK7z4=
go.opentelemetry.io/otel/trace v1.37.0/go.mod h1:TlgrlQ+PtQO5XFerSPUYG0JSgGyryXewPGyayAWSBS0=
go.opentelemetry.io/otel/trace v1.38.0 h1:Fxk5bKrDZJUH+AMyyIXGcFAPah0oRcT+LuNtJrmcNLE=
go.opentelemetry.io/otel/trace v1.38.0/go.mod h1:j1P9ivuFsTceSWe1oY+EeW3sc+Pp42sO++GHkg4wwhs=
golang.org/x/crypto v0.39.0 h1:SHs+kF4LP+f+p14esP5jAoDpHU8Gu/v9lFRK6IT5imM=
golang.org/x/crypto v0.39.0/go.mod h1:L+Xg3Wf6HoL4Bn4238Z6ft6KfEpN0tJGo53AAPC632U=
golang.org/x/crypto v0.40.0 h1:r4x+VvoG5Fm+eJcxMaY8CQM7Lb0l1lsmjGBQ6s8BfKM=
golang.org/x/crypto v0.40.0/go.mod h1:Qr1vMER5WyS2dfPHAlsOj01wgLbsyWtFn/aY+5+ZdxY=
golang.org/x/crypto v0.42.0 h1:chiH31gIWm57EkTXpwnqf8qeuMUi0yekh6mT2AvFlqI=
golang.org/x/crypto v0.42.0/go.mod h1:4+rDnOTJhQCx2q7/j6rAN5XDw8kPjeaXEUR2eL94ix8=
golang.org/x/sync v0.3.0 h1:ftCYgMx6zT/asHUrPw8BLLscYtGznsLAnjq5RH9P66E=
golang.org/x/sync v0.3.0/go.mod h1:FU7BRWz2tNW+3quACPkgCx/L+uEAv1htQ0V83Z9Rj+Y=
golang.org/x/sys v0.34.0 h1:H5Y5sJ2L2JRdyv7ROF1he/lPdvFsd0mJHFw2ThKHxLA=
golang.org/x/sys v0.34.0/go.mod h1:BJP2sWEmIv4KK5OTEluFJCKSidICx8ciO85XgH3Ak8k=
golang.org/x/sys v0.36.0 h1:KVRy2GtZBrk1cBYA7MKu5bEZFxQk4NIDV6RLVcC8o0k=
golang.org/x/sys v0.36.0/go.mod h1:OgkHotnGiDImocRcuBABYBEXf8A9a87e/uXjp9XT3ks=
gopkg.in/check.v1 v0.0.0-20161208181325-20d25e280405/go.mod h1:Co6ibVJAznAaIkqp8huTwlJQCZ016jof/cbN4VW5Yz0=
gopkg.in/check.v1 v1.0.0-20201130134442-10cb98267c6c h1:Hei/4ADfdWqJk1ZMxUNpqntNwaWcugrBjAiHlqqRiVk=
gopkg.in/check.v1 v1.0.0-20201130134442-10cb98267c6c/go.mod h1:JHkPIbrfpd72SG/EVd6muEfDQjcINNoR0C8j2r3qZ4Q=
gopkg.in/yaml.v3 v3.0.0-20200313102051-9f266ea9e77c/go.mod h1:K4uyk7z7BCEPqu6E+C64Yfv1cQ7kz7rIZviUmN+EgEM=
gopkg.in/yaml.v3 v3.0.1 h1:fxVm/GzAzEWqLHuvctI91KS9hhNmmWOoWu0XTYJS7CA=
gopkg.in/yaml.v3 v3.0.1/go.mod h1:K4uyk7z7BCEPqu6E+C64Yfv1cQ7kz7rIZviUmN+EgEM=
